// !$*UTF8*$!
{
	archiveVersion = 1;
	classes = {
	};
	objectVersion = 56;
	objects = {

/* Begin PBXBuildFile section */
		2CB46228293D1D51001A80D7 /* AppDelegate.swift in Sources */ = {isa = PBXBuildFile; fileRef = 2CB46227293D1D51001A80D7 /* AppDelegate.swift */; };
		2CB4622A293D1D51001A80D7 /* SceneDelegate.swift in Sources */ = {isa = PBXBuildFile; fileRef = 2CB46229293D1D51001A80D7 /* SceneDelegate.swift */; };
		2CB4622C293D1D51001A80D7 /* ViewController.swift in Sources */ = {isa = PBXBuildFile; fileRef = 2CB4622B293D1D51001A80D7 /* ViewController.swift */; };
		2CB4622F293D1D51001A80D7 /* Main.storyboard in Resources */ = {isa = PBXBuildFile; fileRef = 2CB4622D293D1D51001A80D7 /* Main.storyboard */; };
		2CB46231293D1D53001A80D7 /* Assets.xcassets in Resources */ = {isa = PBXBuildFile; fileRef = 2CB46230293D1D53001A80D7 /* Assets.xcassets */; };
		2CB46234293D1D53001A80D7 /* LaunchScreen.storyboard in Resources */ = {isa = PBXBuildFile; fileRef = 2CB46232293D1D53001A80D7 /* LaunchScreen.storyboard */; };
		2CB4623F293D1D84001A80D7 /* Endpoint.swift in Sources */ = {isa = PBXBuildFile; fileRef = 2CB4623E293D1D84001A80D7 /* Endpoint.swift */; };
		2CB46241293D1DA1001A80D7 /* NowPlayingEndpoint.swift in Sources */ = {isa = PBXBuildFile; fileRef = 2CB46240293D1DA1001A80D7 /* NowPlayingEndpoint.swift */; };
		2CB46244293D1E51001A80D7 /* Movie.swift in Sources */ = {isa = PBXBuildFile; fileRef = 2CB46243293D1E51001A80D7 /* Movie.swift */; };
		2CB46246293D1F13001A80D7 /* NetworkService.swift in Sources */ = {isa = PBXBuildFile; fileRef = 2CB46245293D1F13001A80D7 /* NetworkService.swift */; };
		2CB46248293D29C9001A80D7 /* NetworkHelper.swift in Sources */ = {isa = PBXBuildFile; fileRef = 2CB46247293D29C8001A80D7 /* NetworkHelper.swift */; };
		2CB4624C293D2A4F001A80D7 /* NowPlayingService.swift in Sources */ = {isa = PBXBuildFile; fileRef = 2CB4624B293D2A4F001A80D7 /* NowPlayingService.swift */; };
		2CB4624F293D2B66001A80D7 /* TopRatedEndpoint.swift in Sources */ = {isa = PBXBuildFile; fileRef = 2CB4624E293D2B66001A80D7 /* TopRatedEndpoint.swift */; };
		2CB46251293D2C6A001A80D7 /* TopRatedService.swift in Sources */ = {isa = PBXBuildFile; fileRef = 2CB46250293D2C6A001A80D7 /* TopRatedService.swift */; };
		2CB46266293D3513001A80D7 /* Paths.swift in Sources */ = {isa = PBXBuildFile; fileRef = 2CB46265293D3513001A80D7 /* Paths.swift */; };
/* End PBXBuildFile section */

/* Begin PBXFileReference section */
		2CB46224293D1D51001A80D7 /* GenericNetworkLayer.app */ = {isa = PBXFileReference; explicitFileType = wrapper.application; includeInIndex = 0; path = GenericNetworkLayer.app; sourceTree = BUILT_PRODUCTS_DIR; };
		2CB46227293D1D51001A80D7 /* AppDelegate.swift */ = {isa = PBXFileReference; lastKnownFileType = sourcecode.swift; path = AppDelegate.swift; sourceTree = "<group>"; };
		2CB46229293D1D51001A80D7 /* SceneDelegate.swift */ = {isa = PBXFileReference; lastKnownFileType = sourcecode.swift; path = SceneDelegate.swift; sourceTree = "<group>"; };
		2CB4622B293D1D51001A80D7 /* ViewController.swift */ = {isa = PBXFileReference; lastKnownFileType = sourcecode.swift; path = ViewController.swift; sourceTree = "<group>"; };
		2CB4622E293D1D51001A80D7 /* Base */ = {isa = PBXFileReference; lastKnownFileType = file.storyboard; name = Base; path = Base.lproj/Main.storyboard; sourceTree = "<group>"; };
		2CB46230293D1D53001A80D7 /* Assets.xcassets */ = {isa = PBXFileReference; lastKnownFileType = folder.assetcatalog; path = Assets.xcassets; sourceTree = "<group>"; };
		2CB46233293D1D53001A80D7 /* Base */ = {isa = PBXFileReference; lastKnownFileType = file.storyboard; name = Base; path = Base.lproj/LaunchScreen.storyboard; sourceTree = "<group>"; };
		2CB46235293D1D53001A80D7 /* Info.plist */ = {isa = PBXFileReference; lastKnownFileType = text.plist.xml; path = Info.plist; sourceTree = "<group>"; };
		2CB4623E293D1D84001A80D7 /* Endpoint.swift */ = {isa = PBXFileReference; lastKnownFileType = sourcecode.swift; path = Endpoint.swift; sourceTree = "<group>"; };
		2CB46240293D1DA1001A80D7 /* NowPlayingEndpoint.swift */ = {isa = PBXFileReference; lastKnownFileType = sourcecode.swift; path = NowPlayingEndpoint.swift; sourceTree = "<group>"; };
		2CB46243293D1E51001A80D7 /* Movie.swift */ = {isa = PBXFileReference; lastKnownFileType = sourcecode.swift; path = Movie.swift; sourceTree = "<group>"; };
		2CB46245293D1F13001A80D7 /* NetworkService.swift */ = {isa = PBXFileReference; lastKnownFileType = sourcecode.swift; path = NetworkService.swift; sourceTree = "<group>"; };
		2CB46247293D29C8001A80D7 /* NetworkHelper.swift */ = {isa = PBXFileReference; lastKnownFileType = sourcecode.swift; path = NetworkHelper.swift; sourceTree = "<group>"; };
		2CB4624B293D2A4F001A80D7 /* NowPlayingService.swift */ = {isa = PBXFileReference; lastKnownFileType = sourcecode.swift; path = NowPlayingService.swift; sourceTree = "<group>"; };
		2CB4624E293D2B66001A80D7 /* TopRatedEndpoint.swift */ = {isa = PBXFileReference; lastKnownFileType = sourcecode.swift; path = TopRatedEndpoint.swift; sourceTree = "<group>"; };
		2CB46250293D2C6A001A80D7 /* TopRatedService.swift */ = {isa = PBXFileReference; lastKnownFileType = sourcecode.swift; path = TopRatedService.swift; sourceTree = "<group>"; };
		2CB46265293D3513001A80D7 /* Paths.swift */ = {isa = PBXFileReference; lastKnownFileType = sourcecode.swift; path = Paths.swift; sourceTree = "<group>"; };
/* End PBXFileReference section */

/* Begin PBXFrameworksBuildPhase section */
		2CB46221293D1D51001A80D7 /* Frameworks */ = {
			isa = PBXFrameworksBuildPhase;
			buildActionMask = 2147483647;
			files = (
			);
			runOnlyForDeploymentPostprocessing = 0;
		};
/* End PBXFrameworksBuildPhase section */

/* Begin PBXGroup section */
		2CB4621B293D1D51001A80D7 = {
			isa = PBXGroup;
			children = (
				2CB46226293D1D51001A80D7 /* GenericNetworkLayer */,
				2CB46225293D1D51001A80D7 /* Products */,
			);
			sourceTree = "<group>";
		};
		2CB46225293D1D51001A80D7 /* Products */ = {
			isa = PBXGroup;
			children = (
				2CB46224293D1D51001A80D7 /* GenericNetworkLayer.app */,
			);
			name = Products;
			sourceTree = "<group>";
		};
		2CB46226293D1D51001A80D7 /* GenericNetworkLayer */ = {
			isa = PBXGroup;
			children = (
				2CB46242293D1E48001A80D7 /* Model */,
				2CB4623C293D1D6E001A80D7 /* Service */,
				2CB4622B293D1D51001A80D7 /* ViewController.swift */,
				2CB4622D293D1D51001A80D7 /* Main.storyboard */,
				2CB4623B293D1D5D001A80D7 /* Core */,
				2CB46235293D1D53001A80D7 /* Info.plist */,
			);
			path = GenericNetworkLayer;
			sourceTree = "<group>";
		};
		2CB4623B293D1D5D001A80D7 /* Core */ = {
			isa = PBXGroup;
			children = (
				2CB46227293D1D51001A80D7 /* AppDelegate.swift */,
				2CB46229293D1D51001A80D7 /* SceneDelegate.swift */,
				2CB46230293D1D53001A80D7 /* Assets.xcassets */,
				2CB46232293D1D53001A80D7 /* LaunchScreen.storyboard */,
			);
			path = Core;
			sourceTree = "<group>";
		};
		2CB4623C293D1D6E001A80D7 /* Service */ = {
			isa = PBXGroup;
			children = (
				2CB46264293D34F7001A80D7 /* Base */,
				2CB46249293D2A1A001A80D7 /* Core Service */,
				2CB4624A293D2A2A001A80D7 /* NowPlaying */,
				2CB4624D293D2B56001A80D7 /* TopRated */,
			);
			path = Service;
			sourceTree = "<group>";
		};
		2CB46242293D1E48001A80D7 /* Model */ = {
			isa = PBXGroup;
			children = (
				2CB46243293D1E51001A80D7 /* Movie.swift */,
			);
			path = Model;
			sourceTree = "<group>";
		};
		2CB46249293D2A1A001A80D7 /* Core Service */ = {
			isa = PBXGroup;
			children = (
				2CB46247293D29C8001A80D7 /* NetworkHelper.swift */,
				2CB46245293D1F13001A80D7 /* NetworkService.swift */,
			);
			path = "Core Service";
			sourceTree = "<group>";
		};
		2CB4624A293D2A2A001A80D7 /* NowPlaying */ = {
			isa = PBXGroup;
			children = (
				2CB46240293D1DA1001A80D7 /* NowPlayingEndpoint.swift */,
				2CB4624B293D2A4F001A80D7 /* NowPlayingService.swift */,
			);
			path = NowPlaying;
			sourceTree = "<group>";
		};
		2CB4624D293D2B56001A80D7 /* TopRated */ = {
			isa = PBXGroup;
			children = (
				2CB4624E293D2B66001A80D7 /* TopRatedEndpoint.swift */,
				2CB46250293D2C6A001A80D7 /* TopRatedService.swift */,
			);
			path = TopRated;
			sourceTree = "<group>";
		};
		2CB46264293D34F7001A80D7 /* Base */ = {
			isa = PBXGroup;
			children = (
				2CB4623E293D1D84001A80D7 /* Endpoint.swift */,
				2CB46265293D3513001A80D7 /* Paths.swift */,
			);
			path = Base;
			sourceTree = "<group>";
		};
/* End PBXGroup section */

/* Begin PBXNativeTarget section */
		2CB46223293D1D51001A80D7 /* GenericNetworkLayer */ = {
			isa = PBXNativeTarget;
			buildConfigurationList = 2CB46238293D1D53001A80D7 /* Build configuration list for PBXNativeTarget "GenericNetworkLayer" */;
			buildPhases = (
				2CB46220293D1D51001A80D7 /* Sources */,
				2CB46221293D1D51001A80D7 /* Frameworks */,
				2CB46222293D1D51001A80D7 /* Resources */,
			);
			buildRules = (
			);
			dependencies = (
			);
			name = GenericNetworkLayer;
			productName = GenericNetworkLayer;
			productReference = 2CB46224293D1D51001A80D7 /* GenericNetworkLayer.app */;
			productType = "com.apple.product-type.application";
		};
/* End PBXNativeTarget section */

/* Begin PBXProject section */
		2CB4621C293D1D51001A80D7 /* Project object */ = {
			isa = PBXProject;
			attributes = {
				BuildIndependentTargetsInParallel = 1;
				LastSwiftUpdateCheck = 1410;
				LastUpgradeCheck = 1410;
				TargetAttributes = {
					2CB46223293D1D51001A80D7 = {
						CreatedOnToolsVersion = 14.1;
					};
				};
			};
			buildConfigurationList = 2CB4621F293D1D51001A80D7 /* Build configuration list for PBXProject "GenericNetworkLayer" */;
			compatibilityVersion = "Xcode 14.0";
			developmentRegion = en;
			hasScannedForEncodings = 0;
			knownRegions = (
				en,
				Base,
			);
			mainGroup = 2CB4621B293D1D51001A80D7;
			productRefGroup = 2CB46225293D1D51001A80D7 /* Products */;
			projectDirPath = "";
			projectRoot = "";
			targets = (
				2CB46223293D1D51001A80D7 /* GenericNetworkLayer */,
			);
		};
/* End PBXProject section */

/* Begin PBXResourcesBuildPhase section */
		2CB46222293D1D51001A80D7 /* Resources */ = {
			isa = PBXResourcesBuildPhase;
			buildActionMask = 2147483647;
			files = (
				2CB46234293D1D53001A80D7 /* LaunchScreen.storyboard in Resources */,
				2CB46231293D1D53001A80D7 /* Assets.xcassets in Resources */,
				2CB4622F293D1D51001A80D7 /* Main.storyboard in Resources */,
			);
			runOnlyForDeploymentPostprocessing = 0;
		};
/* End PBXResourcesBuildPhase section */

/* Begin PBXSourcesBuildPhase section */
		2CB46220293D1D51001A80D7 /* Sources */ = {
			isa = PBXSourcesBuildPhase;
			buildActionMask = 2147483647;
			files = (
				2CB46251293D2C6A001A80D7 /* TopRatedService.swift in Sources */,
				2CB46248293D29C9001A80D7 /* NetworkHelper.swift in Sources */,
				2CB4624C293D2A4F001A80D7 /* NowPlayingService.swift in Sources */,
				2CB4622C293D1D51001A80D7 /* ViewController.swift in Sources */,
				2CB46241293D1DA1001A80D7 /* NowPlayingEndpoint.swift in Sources */,
				2CB46244293D1E51001A80D7 /* Movie.swift in Sources */,
				2CB46266293D3513001A80D7 /* Paths.swift in Sources */,
				2CB46228293D1D51001A80D7 /* AppDelegate.swift in Sources */,
				2CB4623F293D1D84001A80D7 /* Endpoint.swift in Sources */,
				2CB4624F293D2B66001A80D7 /* TopRatedEndpoint.swift in Sources */,
				2CB4622A293D1D51001A80D7 /* SceneDelegate.swift in Sources */,
				2CB46246293D1F13001A80D7 /* NetworkService.swift in Sources */,
			);
			runOnlyForDeploymentPostprocessing = 0;
		};
/* End PBXSourcesBuildPhase section */

/* Begin PBXVariantGroup section */
		2CB4622D293D1D51001A80D7 /* Main.storyboard */ = {
			isa = PBXVariantGroup;
			children = (
				2CB4622E293D1D51001A80D7 /* Base */,
			);
			name = Main.storyboard;
			sourceTree = "<group>";
		};
		2CB46232293D1D53001A80D7 /* LaunchScreen.storyboard */ = {
			isa = PBXVariantGroup;
			children = (
				2CB46233293D1D53001A80D7 /* Base */,
			);
			name = LaunchScreen.storyboard;
			sourceTree = "<group>";
		};
/* End PBXVariantGroup section */

/* Begin XCBuildConfiguration section */
		2CB46236293D1D53001A80D7 /* Debug */ = {
			isa = XCBuildConfiguration;
			buildSettings = {
				ALWAYS_SEARCH_USER_PATHS = NO;
				CLANG_ANALYZER_NONNULL = YES;
				CLANG_ANALYZER_NUMBER_OBJECT_CONVERSION = YES_AGGRESSIVE;
				CLANG_CXX_LANGUAGE_STANDARD = "gnu++20";
				CLANG_ENABLE_MODULES = YES;
				CLANG_ENABLE_OBJC_ARC = YES;
				CLANG_ENABLE_OBJC_WEAK = YES;
				CLANG_WARN_BLOCK_CAPTURE_AUTORELEASING = YES;
				CLANG_WARN_BOOL_CONVERSION = YES;
				CLANG_WARN_COMMA = YES;
				CLANG_WARN_CONSTANT_CONVERSION = YES;
				CLANG_WARN_DEPRECATED_OBJC_IMPLEMENTATIONS = YES;
				CLANG_WARN_DIRECT_OBJC_ISA_USAGE = YES_ERROR;
				CLANG_WARN_DOCUMENTATION_COMMENTS = YES;
				CLANG_WARN_EMPTY_BODY = YES;
				CLANG_WARN_ENUM_CONVERSION = YES;
				CLANG_WARN_INFINITE_RECURSION = YES;
				CLANG_WARN_INT_CONVERSION = YES;
				CLANG_WARN_NON_LITERAL_NULL_CONVERSION = YES;
				CLANG_WARN_OBJC_IMPLICIT_RETAIN_SELF = YES;
				CLANG_WARN_OBJC_LITERAL_CONVERSION = YES;
				CLANG_WARN_OBJC_ROOT_CLASS = YES_ERROR;
				CLANG_WARN_QUOTED_INCLUDE_IN_FRAMEWORK_HEADER = YES;
				CLANG_WARN_RANGE_LOOP_ANALYSIS = YES;
				CLANG_WARN_STRICT_PROTOTYPES = YES;
				CLANG_WARN_SUSPICIOUS_MOVE = YES;
				CLANG_WARN_UNGUARDED_AVAILABILITY = YES_AGGRESSIVE;
				CLANG_WARN_UNREACHABLE_CODE = YES;
				CLANG_WARN__DUPLICATE_METHOD_MATCH = YES;
				COPY_PHASE_STRIP = NO;
				DEBUG_INFORMATION_FORMAT = dwarf;
				ENABLE_STRICT_OBJC_MSGSEND = YES;
				ENABLE_TESTABILITY = YES;
				GCC_C_LANGUAGE_STANDARD = gnu11;
				GCC_DYNAMIC_NO_PIC = NO;
				GCC_NO_COMMON_BLOCKS = YES;
				GCC_OPTIMIZATION_LEVEL = 0;
				GCC_PREPROCESSOR_DEFINITIONS = (
					"DEBUG=1",
					"$(inherited)",
				);
				GCC_WARN_64_TO_32_BIT_CONVERSION = YES;
				GCC_WARN_ABOUT_RETURN_TYPE = YES_ERROR;
				GCC_WARN_UNDECLARED_SELECTOR = YES;
				GCC_WARN_UNINITIALIZED_AUTOS = YES_AGGRESSIVE;
				GCC_WARN_UNUSED_FUNCTION = YES;
				GCC_WARN_UNUSED_VARIABLE = YES;
				IPHONEOS_DEPLOYMENT_TARGET = 16.1;
				MTL_ENABLE_DEBUG_INFO = INCLUDE_SOURCE;
				MTL_FAST_MATH = YES;
				ONLY_ACTIVE_ARCH = YES;
				SDKROOT = iphoneos;
				SWIFT_ACTIVE_COMPILATION_CONDITIONS = DEBUG;
				SWIFT_OPTIMIZATION_LEVEL = "-Onone";
			};
			name = Debug;
		};
		2CB46237293D1D53001A80D7 /* Release */ = {
			isa = XCBuildConfiguration;
			buildSettings = {
				ALWAYS_SEARCH_USER_PATHS = NO;
				CLANG_ANALYZER_NONNULL = YES;
				CLANG_ANALYZER_NUMBER_OBJECT_CONVERSION = YES_AGGRESSIVE;
				CLANG_CXX_LANGUAGE_STANDARD = "gnu++20";
				CLANG_ENABLE_MODULES = YES;
				CLANG_ENABLE_OBJC_ARC = YES;
				CLANG_ENABLE_OBJC_WEAK = YES;
				CLANG_WARN_BLOCK_CAPTURE_AUTORELEASING = YES;
				CLANG_WARN_BOOL_CONVERSION = YES;
				CLANG_WARN_COMMA = YES;
				CLANG_WARN_CONSTANT_CONVERSION = YES;
				CLANG_WARN_DEPRECATED_OBJC_IMPLEMENTATIONS = YES;
				CLANG_WARN_DIRECT_OBJC_ISA_USAGE = YES_ERROR;
				CLANG_WARN_DOCUMENTATION_COMMENTS = YES;
				CLANG_WARN_EMPTY_BODY = YES;
				CLANG_WARN_ENUM_CONVERSION = YES;
				CLANG_WARN_INFINITE_RECURSION = YES;
				CLANG_WARN_INT_CONVERSION = YES;
				CLANG_WARN_NON_LITERAL_NULL_CONVERSION = YES;
				CLANG_WARN_OBJC_IMPLICIT_RETAIN_SELF = YES;
				CLANG_WARN_OBJC_LITERAL_CONVERSION = YES;
				CLANG_WARN_OBJC_ROOT_CLASS = YES_ERROR;
				CLANG_WARN_QUOTED_INCLUDE_IN_FRAMEWORK_HEADER = YES;
				CLANG_WARN_RANGE_LOOP_ANALYSIS = YES;
				CLANG_WARN_STRICT_PROTOTYPES = YES;
				CLANG_WARN_SUSPICIOUS_MOVE = YES;
				CLANG_WARN_UNGUARDED_AVAILABILITY = YES_AGGRESSIVE;
				CLANG_WARN_UNREACHABLE_CODE = YES;
				CLANG_WARN__DUPLICATE_METHOD_MATCH = YES;
				COPY_PHASE_STRIP = NO;
				DEBUG_INFORMATION_FORMAT = "dwarf-with-dsym";
				ENABLE_NS_ASSERTIONS = NO;
				ENABLE_STRICT_OBJC_MSGSEND = YES;
				GCC_C_LANGUAGE_STANDARD = gnu11;
				GCC_NO_COMMON_BLOCKS = YES;
				GCC_WARN_64_TO_32_BIT_CONVERSION = YES;
				GCC_WARN_ABOUT_RETURN_TYPE = YES_ERROR;
				GCC_WARN_UNDECLARED_SELECTOR = YES;
				GCC_WARN_UNINITIALIZED_AUTOS = YES_AGGRESSIVE;
				GCC_WARN_UNUSED_FUNCTION = YES;
				GCC_WARN_UNUSED_VARIABLE = YES;
				IPHONEOS_DEPLOYMENT_TARGET = 16.1;
				MTL_ENABLE_DEBUG_INFO = NO;
				MTL_FAST_MATH = YES;
				SDKROOT = iphoneos;
				SWIFT_COMPILATION_MODE = wholemodule;
				SWIFT_OPTIMIZATION_LEVEL = "-O";
				VALIDATE_PRODUCT = YES;
			};
			name = Release;
		};
		2CB46239293D1D53001A80D7 /* Debug */ = {
			isa = XCBuildConfiguration;
			buildSettings = {
				ASSETCATALOG_COMPILER_APPICON_NAME = AppIcon;
				ASSETCATALOG_COMPILER_GLOBAL_ACCENT_COLOR_NAME = AccentColor;
				CODE_SIGN_STYLE = Automatic;
				CURRENT_PROJECT_VERSION = 1;
				DEVELOPMENT_TEAM = 49Z33V7QZW;
				GENERATE_INFOPLIST_FILE = YES;
				INFOPLIST_FILE = GenericNetworkLayer/Info.plist;
				INFOPLIST_KEY_UIApplicationSupportsIndirectInputEvents = YES;
				INFOPLIST_KEY_UILaunchStoryboardName = LaunchScreen;
				INFOPLIST_KEY_UIMainStoryboardFile = Main;
				INFOPLIST_KEY_UISupportedInterfaceOrientations_iPad = "UIInterfaceOrientationPortrait UIInterfaceOrientationPortraitUpsideDown UIInterfaceOrientationLandscapeLeft UIInterfaceOrientationLandscapeRight";
				INFOPLIST_KEY_UISupportedInterfaceOrientations_iPhone = "UIInterfaceOrientationPortrait UIInterfaceOrientationLandscapeLeft UIInterfaceOrientationLandscapeRight";
				LD_RUNPATH_SEARCH_PATHS = (
					"$(inherited)",
					"@executable_path/Frameworks",
				);
				MARKETING_VERSION = 1.0;
				PRODUCT_BUNDLE_IDENTIFIER = com.sameddagl.GenericNetworkLayer;
				PRODUCT_NAME = "$(TARGET_NAME)";
				SWIFT_EMIT_LOC_STRINGS = YES;
				SWIFT_VERSION = 5.0;
				TARGETED_DEVICE_FAMILY = "1,2";
			};
			name = Debug;
		};
		2CB4623A293D1D53001A80D7 /* Release */ = {
			isa = XCBuildConfiguration;
			buildSettings = {
				ASSETCATALOG_COMPILER_APPICON_NAME = AppIcon;
				ASSETCATALOG_COMPILER_GLOBAL_ACCENT_COLOR_NAME = AccentColor;
				CODE_SIGN_STYLE = Automatic;
				CURRENT_PROJECT_VERSION = 1;
				DEVELOPMENT_TEAM = 49Z33V7QZW;
				GENERATE_INFOPLIST_FILE = YES;
				INFOPLIST_FILE = GenericNetworkLayer/Info.plist;
				INFOPLIST_KEY_UIApplicationSupportsIndirectInputEvents = YES;
				INFOPLIST_KEY_UILaunchStoryboardName = LaunchScreen;
				INFOPLIST_KEY_UIMainStoryboardFile = Main;
				INFOPLIST_KEY_UISupportedInterfaceOrientations_iPad = "UIInterfaceOrientationPortrait UIInterfaceOrientationPortraitUpsideDown UIInterfaceOrientationLandscapeLeft UIInterfaceOrientationLandscapeRight";
				INFOPLIST_KEY_UISupportedInterfaceOrientations_iPhone = "UIInterfaceOrientationPortrait UIInterfaceOrientationLandscapeLeft UIInterfaceOrientationLandscapeRight";
				LD_RUNPATH_SEARCH_PATHS = (
					"$(inherited)",
					"@executable_path/Frameworks",
				);
				MARKETING_VERSION = 1.0;
				PRODUCT_BUNDLE_IDENTIFIER = com.sameddagl.GenericNetworkLayer;
				PRODUCT_NAME = "$(TARGET_NAME)";
				SWIFT_EMIT_LOC_STRINGS = YES;
				SWIFT_VERSION = 5.0;
				TARGETED_DEVICE_FAMILY = "1,2";
			};
			name = Release;
		};
/* End XCBuildConfiguration section */

/* Begin XCConfigurationList section */
		2CB4621F293D1D51001A80D7 /* Build configuration list for PBXProject "GenericNetworkLayer" */ = {
			isa = XCConfigurationList;
			buildConfigurations = (
				2CB46236293D1D53001A80D7 /* Debug */,
				2CB46237293D1D53001A80D7 /* Release */,
			);
			defaultConfigurationIsVisible = 0;
			defaultConfigurationName = Release;
		};
		2CB46238293D1D53001A80D7 /* Build configuration list for PBXNativeTarget "GenericNetworkLayer" */ = {
			isa = XCConfigurationList;
			buildConfigurations = (
				2CB46239293D1D53001A80D7 /* Debug */,
				2CB4623A293D1D53001A80D7 /* Release */,
			);
			defaultConfigurationIsVisible = 0;
			defaultConfigurationName = Release;
		};
/* End XCConfigurationList section */
	};
	rootObject = 2CB4621C293D1D51001A80D7 /* Project object */;
}
